
Microsoft Visual Studio Solution File, Format Version 12.00
# Visual Studio Version 17
VisualStudioVersion = 17.0.31912.275
MinimumVisualStudioVersion = 10.0.40219.1
Project("{FAE04EC0-301F-11D3-BF4B-00C04F79EFBC}") = "StudentApi", "StudentApi\StudentApi.csproj", "{A073A7B8-88AC-4150-942E-067B064AF562}"
EndProject
Project("{FAE04EC0-301F-11D3-BF4B-00C04F79EFBC}") = "TeacherApi", "TeacherApi\TeacherApi.csproj", "{CAAA5AFF-A93D-45C7-AB31-8FB433DCADC1}"
EndProject
Project("{FAE04EC0-301F-11D3-BF4B-00C04F79EFBC}") = "naviisha.common", "naviisha.common\naviisha.common.csproj", "{B2EB9E34-4F59-41C2-AF20-C96EC510897E}"
EndProject
Project("{FAE04EC0-301F-11D3-BF4B-00C04F79EFBC}") = "AuthorizationServer", "AuthorizationServer\AuthorizationServer.csproj", "{C74B0557-80FF-4992-A2FB-3780E9C379CB}"
EndProject
Global
	GlobalSection(SolutionConfigurationPlatforms) = preSolution
		Debug|Any CPU = Debug|Any CPU
		Release|Any CPU = Release|Any CPU
	EndGlobalSection
	GlobalSection(ProjectConfigurationPlatforms) = postSolution
		{A073A7B8-88AC-4150-942E-067B064AF562}.Debug|Any CPU.ActiveCfg = Debug|Any CPU
		{A073A7B8-88AC-4150-942E-067B064AF562}.Debug|Any CPU.Build.0 = Debug|Any CPU
		{A073A7B8-88AC-4150-942E-067B064AF562}.Release|Any CPU.ActiveCfg = Release|Any CPU
		{A073A7B8-88AC-4150-942E-067B064AF562}.Release|Any CPU.Build.0 = Release|Any CPU
		{CAAA5AFF-A93D-45C7-AB31-8FB433DCADC1}.Debug|Any CPU.ActiveCfg = Debug|Any CPU
		{CAAA5AFF-A93D-45C7-AB31-8FB433DCADC1}.Debug|Any CPU.Build.0 = Debug|Any CPU
		{CAAA5AFF-A93D-45C7-AB31-8FB433DCADC1}.Release|Any CPU.ActiveCfg = Release|Any CPU
		{CAAA5AFF-A93D-45C7-AB31-8FB433DCADC1}.Release|Any CPU.Build.0 = Release|Any CPU
		{B2EB9E34-4F59-41C2-AF20-C96EC510897E}.Debug|Any CPU.ActiveCfg = Debug|Any CPU
		{B2EB9E34-4F59-41C2-AF20-C96EC510897E}.Debug|Any CPU.Build.0 = Debug|Any CPU
		{B2EB9E34-4F59-41C2-AF20-C96EC510897E}.Release|Any CPU.ActiveCfg = Release|Any CPU
		{B2EB9E34-4F59-41C2-AF20-C96EC510897E}.Release|Any CPU.Build.0 = Release|Any CPU
		{C74B0557-80FF-4992-A2FB-3780E9C379CB}.Debug|Any CPU.ActiveCfg = Debug|Any CPU
		{C74B0557-80FF-4992-A2FB-3780E9C379CB}.Debug|Any CPU.Build.0 = Debug|Any CPU
		{C74B0557-80FF-4992-A2FB-3780E9C379CB}.Release|Any CPU.ActiveCfg = Release|Any CPU
		{C74B0557-80FF-4992-A2FB-3780E9C379CB}.Release|Any CPU.Build.0 = Release|Any CPU
	EndGlobalSection
	GlobalSection(SolutionProperties) = preSolution
		HideSolutionNode = FALSE
	EndGlobalSection
	GlobalSection(ExtensibilityGlobals) = postSolution
		SolutionGuid = {48DC143D-7FEF-41BD-96D1-0FC87E635CED}
	EndGlobalSection
EndGlobal
